
Microsoft Visual Studio Solution File, Format Version 12.00
# Visual Studio Version 17
VisualStudioVersion = 17.3.32825.248
MinimumVisualStudioVersion = 10.0.40219.1
Project("{9A19103F-16F7-4668-BE54-9A1E7A4F7556}") = "BotDownload", "BotDownload\BotDownload.csproj", "{D6EB0753-1FC5-4E5C-9334-3290E8152E67}"
EndProject
Project("{9A19103F-16F7-4668-BE54-9A1E7A4F7556}") = "ApiMigracaoDeDados", "ApiMigracaoDeDados\ApiMigracaoDeDados.csproj", "{7617C623-FCE6-46B5-A7FE-F10F7DCB7ACA}"
EndProject
Global
	GlobalSection(SolutionConfigurationPlatforms) = preSolution
		Debug|Any CPU = Debug|Any CPU
		Release|Any CPU = Release|Any CPU
	EndGlobalSection
	GlobalSection(ProjectConfigurationPlatforms) = postSolution
		{D6EB0753-1FC5-4E5C-9334-3290E8152E67}.Debug|Any CPU.ActiveCfg = Debug|Any CPU
		{D6EB0753-1FC5-4E5C-9334-3290E8152E67}.Debug|Any CPU.Build.0 = Debug|Any CPU
		{D6EB0753-1FC5-4E5C-9334-3290E8152E67}.Release|Any CPU.ActiveCfg = Release|Any CPU
		{D6EB0753-1FC5-4E5C-9334-3290E8152E67}.Release|Any CPU.Build.0 = Release|Any CPU
		{7617C623-FCE6-46B5-A7FE-F10F7DCB7ACA}.Debug|Any CPU.ActiveCfg = Debug|Any CPU
		{7617C623-FCE6-46B5-A7FE-F10F7DCB7ACA}.Debug|Any CPU.Build.0 = Debug|Any CPU
		{7617C623-FCE6-46B5-A7FE-F10F7DCB7ACA}.Release|Any CPU.ActiveCfg = Release|Any CPU
		{7617C623-FCE6-46B5-A7FE-F10F7DCB7ACA}.Release|Any CPU.Build.0 = Release|Any CPU
	EndGlobalSection
	GlobalSection(SolutionProperties) = preSolution
		HideSolutionNode = FALSE
	EndGlobalSection
	GlobalSection(ExtensibilityGlobals) = postSolution
		SolutionGuid = {6310D075-1BDE-4AB9-8EA7-A0B0AA06FCC5}
	EndGlobalSection
EndGlobal
